
Microsoft Visual Studio Solution File, Format Version 11.00
# Visual Studio 2010
Project("{FAE04EC0-301F-11D3-BF4B-00C04F79EFBC}") = "smartTakies", "smartTakies\smartTakies.csproj", "{5C16CF2B-BE4C-43E2-A49C-B917F50AACCE}"
EndProject
Global
	GlobalSection(SolutionConfigurationPlatforms) = preSolution
		Debug|Any CPU = Debug|Any CPU
		Release|Any CPU = Release|Any CPU
	EndGlobalSection
	GlobalSection(ProjectConfigurationPlatforms) = postSolution
		{5C16CF2B-BE4C-43E2-A49C-B917F50AACCE}.Debug|Any CPU.ActiveCfg = Debug|Any CPU
		{5C16CF2B-BE4C-43E2-A49C-B917F50AACCE}.Debug|Any CPU.Build.0 = Debug|Any CPU
		{5C16CF2B-BE4C-43E2-A49C-B917F50AACCE}.Release|Any CPU.ActiveCfg = Release|Any CPU
		{5C16CF2B-BE4C-43E2-A49C-B917F50AACCE}.Release|Any CPU.Build.0 = Release|Any CPU
	EndGlobalSection
	GlobalSection(SolutionProperties) = preSolution
		HideSolutionNode = FALSE
	EndGlobalSection
EndGlobal
